{
  "name": "rhum1-sakharov-core-lib",
  "version": "1.0.26",
  "lockfileVersion": 1,
  "requires": true,
  "dependencies": {
    "@angular/common": {
      "version": "11.0.8",
      "resolved": "https://registry.npmjs.org/@angular/common/-/common-11.0.8.tgz",
      "integrity": "sha512-Or7uSetk29wcKOsDVyJl/2JUC34e/gDNI3HNlpFh98miT8G4tqFKSmuLGRPPanIKqyQQQmquV93VNPOMA+rdYA==",
      "dev": true,
      "requires": {
        "tslib": "^2.0.0"
      }
    },
    "@angular/core": {
      "version": "11.0.8",
      "resolved": "https://registry.npmjs.org/@angular/core/-/core-11.0.8.tgz",
      "integrity": "sha512-NRKCgOtPFKcJpjjSV0NKuoNaD6ZQ3RqXBm9JURbnjVLaTwtCJlQ9H3N/e+HZNw8Ha2TDFJoiYX+RY071cyTMHQ==",
      "dev": true,
      "requires": {
        "tslib": "^2.0.0"
      }
    },
    "@angular/router": {
      "version": "11.2.1",
      "resolved": "https://registry.npmjs.org/@angular/router/-/router-11.2.1.tgz",
      "integrity": "sha512-YAq3zO8xdfjqEZ8Ur3go+5JXGIwpSTDj86dzZUMhTIsUuSVluBNdG1A+BQV2X5QNLh7VtdwfW5Npbjkn0Go/Cw==",
      "dev": true,
      "requires": {
        "tslib": "^2.0.0"
      }
    },
    "@auth0/angular-jwt": {
      "version": "5.0.2",
      "resolved": "https://registry.npmjs.org/@auth0/angular-jwt/-/angular-jwt-5.0.2.tgz",
      "integrity": "sha512-rSamC9mu+gUxoR86AXcIo+KD7xRIro+/iu1F2Ld85YAZEVKlpB5vYG+g0yGaEOqjtQWP/i0H6fi6XMGPVHSYYQ==",
      "dev": true,
      "requires": {
        "tslib": "^2.0.0"
      }
    },
    "@types/crypto-js": {
      "version": "3.1.47",
      "resolved": "https://registry.npmjs.org/@types/crypto-js/-/crypto-js-3.1.47.tgz",
      "integrity": "sha512-eI6gvpcGHLk3dAuHYnRCAjX+41gMv1nz/VP55wAe5HtmAKDOoPSfr3f6vkMc08ov1S0NsjvUBxDtHHxqQY1LGA==",
      "dev": true
    },
    "@types/lz-string": {
      "version": "1.3.34",
      "resolved": "https://registry.npmjs.org/@types/lz-string/-/lz-string-1.3.34.tgz",
      "integrity": "sha512-j6G1e8DULJx3ONf6NdR5JiR2ZY3K3PaaqiEuKYkLQO0Czfi1AzrtjfnfCROyWGeDd5IVMKCwsgSmMip9OWijow==",
      "dev": true
    },
    "crypto-js": {
      "version": "4.0.0",
      "resolved": "https://registry.npmjs.org/crypto-js/-/crypto-js-4.0.0.tgz",
      "integrity": "sha512-bzHZN8Pn+gS7DQA6n+iUmBfl0hO5DJq++QP3U6uTucDtk/0iGpXd/Gg7CGR0p8tJhofJyaKoWBuJI4eAO00BBg==",
      "dev": true
    },
    "lz-string": {
      "version": "1.4.4",
      "resolved": "https://registry.npmjs.org/lz-string/-/lz-string-1.4.4.tgz",
      "integrity": "sha1-wNjq82BZ9wV5bh40SBHPTEmNOiY=",
      "dev": true
    },
    "primeng": {
      "version": "11.3.0",
      "resolved": "https://registry.npmjs.org/primeng/-/primeng-11.3.0.tgz",
      "integrity": "sha512-vqINIC/0jShCQOuXF9GvvmWpdZGoQfDzpF5VPUtq04Cn7LF+2U7NKpdjWW0jMlQSpuGgQvFRHLUbO+oc88JiyA==",
      "dev": true,
      "requires": {
        "tslib": "^2.0.0"
      }
    },
    "rxjs": {
      "version": "6.6.3",
      "resolved": "https://registry.npmjs.org/rxjs/-/rxjs-6.6.3.tgz",
      "integrity": "sha512-trsQc+xYYXZ3urjOiJOuCOa5N3jAZ3eiSpQB5hIT8zGlL2QfnHLJ2r7GMkBGuIausdJN1OneaI6gQlsqNHHmZQ==",
      "dev": true,
      "requires": {
        "tslib": "^1.9.0"
      },
      "dependencies": {
        "tslib": {
          "version": "1.14.1",
          "resolved": "https://registry.npmjs.org/tslib/-/tslib-1.14.1.tgz",
          "integrity": "sha512-Xni35NKzjgMrwevysHTCArtLDpPvye8zV/0E4EyYn43P7/7qvQwPh9BGkHewbMulVntbigmcT7rdX3BNo9wRJg==",
          "dev": true
        }
      }
    },
    "secure-ls": {
      "version": "1.2.6",
      "resolved": "https://registry.npmjs.org/secure-ls/-/secure-ls-1.2.6.tgz",
      "integrity": "sha512-g8vUSKl6elSfyAUHodybnNkuZW+mUYEOWj4SZIDg+xoQ1dq5ddktBoOFrtxQBUl88ZyAJOtGWQ1PRaOxkTAuZQ==",
      "dev": true,
      "requires": {
        "crypto-js": "^3.1.6",
        "lz-string": "^1.4.4"
      },
      "dependencies": {
        "crypto-js": {
          "version": "3.3.0",
          "resolved": "https://registry.npmjs.org/crypto-js/-/crypto-js-3.3.0.tgz",
          "integrity": "sha512-DIT51nX0dCfKltpRiXV+/TVZq+Qq2NgF4644+K7Ttnla7zEzqc+kjJyiB96BHNyUTBxyjzRcZYpUdZa+QAqi6Q==",
          "dev": true
        }
      }
    },
    "tslib": {
      "version": "2.1.0",
      "resolved": "https://registry.npmjs.org/tslib/-/tslib-2.1.0.tgz",
      "integrity": "sha512-hcVC3wYEziELGGmEEXue7D75zbwIIVUMWAVbHItGPx0ziyXxrOMQx4rQEVEV45Ut/1IotuEvwqPopzIOkDMf0A=="
    }
  }
}
